{"version":4,"terraform_version":"1.10.6","serial":29,"lineage":"a2313dc1-7368-5ff4-9aa2-b0f0ee2db93e","outputs":{},"resources":[{"mode":"managed","type":"google_artifact_registry_repository","name":"blog","provider":"provider[\"registry.opentofu.org/hashicorp/google\"]","instances":[{"schema_version":0,"attributes":{"cleanup_policies":[],"cleanup_policy_dry_run":false,"create_time":"2025-10-01T04:04:52.574791Z","description":"","docker_config":[],"effective_labels":{"goog-terraform-provisioned":"true"},"format":"DOCKER","id":"projects/jameshartig-blog/locations/us/repositories/blog","kms_key_name":"","labels":{},"location":"us","maven_config":[],"mode":"STANDARD_REPOSITORY","name":"blog","project":"jameshartig-blog","registry_uri":"us-docker.pkg.dev/jameshartig-blog/blog","remote_repository_config":[],"repository_id":"blog","terraform_labels":{"goog-terraform-provisioned":"true"},"timeouts":null,"update_time":"2025-11-02T04:19:23.160839Z","virtual_repository_config":[],"vulnerability_scanning_config":[{"enablement_config":"","enablement_state":"SCANNING_DISABLED","enablement_state_reason":"API containerscanning.googleapis.com is not enabled."}]},"sensitive_attributes":[],"private":"eyJlMmJmYjczMC1lY2FhLTExZTYtOGY4OC0zNDM2M2JjN2M0YzAiOnsiY3JlYXRlIjoxMjAwMDAwMDAwMDAwLCJkZWxldGUiOjEyMDAwMDAwMDAwMDAsInVwZGF0ZSI6MTIwMDAwMDAwMDAwMH19"}]},{"mode":"managed","type":"google_artifact_registry_repository_iam_member","name":"blog","provider":"provider[\"registry.opentofu.org/hashicorp/google\"]","instances":[{"schema_version":0,"attributes":{"condition":[],"etag":"BwZAEP2+48k=","id":"projects/jameshartig-blog/locations/us/repositories/blog/roles/artifactregistry.writer/serviceAccount:blog-builder@jameshartig-blog.iam.gserviceaccount.com","location":"us","member":"serviceAccount:blog-builder@jameshartig-blog.iam.gserviceaccount.com","project":"jameshartig-blog","repository":"projects/jameshartig-blog/locations/us/repositories/blog","role":"roles/artifactregistry.writer"},"sensitive_attributes":[],"private":"bnVsbA==","dependencies":["google_artifact_registry_repository.blog","google_service_account.blog","module.enabled_google_apis.data.google_compute_default_service_account.default","module.enabled_google_apis.google_project_iam_member.project_service_identity_roles","module.enabled_google_apis.google_project_service.project_services","module.enabled_google_apis.google_project_service_identity.project_service_identities"]}]},{"mode":"managed","type":"google_certificate_manager_certificate","name":"jameshartig_com","provider":"provider[\"registry.opentofu.org/hashicorp/google\"]","instances":[{"schema_version":1,"attributes":{"description":"","effective_labels":{"goog-terraform-provisioned":"true"},"id":"projects/jameshartig-blog/locations/global/certificates/jameshartig-com","labels":{},"location":"global","managed":[{"authorization_attempt_info":[{"details":"","domain":"jameshartig.com","failure_reason":"","state":"AUTHORIZED"}],"dns_authorizations":["projects/214669871903/locations/global/dnsAuthorizations/jameshartig-com"],"domains":["jameshartig.com"],"issuance_config":"","provisioning_issue":[],"state":"ACTIVE"}],"name":"jameshartig-com","project":"jameshartig-blog","san_dnsnames":["jameshartig.com"],"scope":"","self_managed":[],"terraform_labels":{"goog-terraform-provisioned":"true"},"timeouts":null},"sensitive_attributes":[],"private":"eyJlMmJmYjczMC1lY2FhLTExZTYtOGY4OC0zNDM2M2JjN2M0YzAiOnsiY3JlYXRlIjoxMjAwMDAwMDAwMDAwLCJkZWxldGUiOjEyMDAwMDAwMDAwMDAsInVwZGF0ZSI6MTIwMDAwMDAwMDAwMH0sInNjaGVtYV92ZXJzaW9uIjoiMSJ9","dependencies":["google_certificate_manager_dns_authorization.jameshartig_com","module.enabled_google_apis.data.google_compute_default_service_account.default","module.enabled_google_apis.google_project_iam_member.project_service_identity_roles","module.enabled_google_apis.google_project_service.project_services","module.enabled_google_apis.google_project_service_identity.project_service_identities"]}]},{"mode":"managed","type":"google_certificate_manager_certificate","name":"jameshartig_dev","provider":"provider[\"registry.opentofu.org/hashicorp/google\"]","instances":[{"schema_version":1,"attributes":{"description":"","effective_labels":{"goog-terraform-provisioned":"true"},"id":"projects/jameshartig-blog/locations/global/certificates/jameshartig-dev","labels":{},"location":"global","managed":[{"authorization_attempt_info":[{"details":"","domain":"jameshartig.dev","failure_reason":"","state":"AUTHORIZED"}],"dns_authorizations":["projects/214669871903/locations/global/dnsAuthorizations/jameshartig-dev"],"domains":["jameshartig.dev"],"issuance_config":"","provisioning_issue":[],"state":"ACTIVE"}],"name":"jameshartig-dev","project":"jameshartig-blog","san_dnsnames":["jameshartig.dev"],"scope":"","self_managed":[],"terraform_labels":{"goog-terraform-provisioned":"true"},"timeouts":null},"sensitive_attributes":[],"private":"eyJlMmJmYjczMC1lY2FhLTExZTYtOGY4OC0zNDM2M2JjN2M0YzAiOnsiY3JlYXRlIjoxMjAwMDAwMDAwMDAwLCJkZWxldGUiOjEyMDAwMDAwMDAwMDAsInVwZGF0ZSI6MTIwMDAwMDAwMDAwMH0sInNjaGVtYV92ZXJzaW9uIjoiMSJ9","dependencies":["google_certificate_manager_dns_authorization.jameshartig_dev","module.enabled_google_apis.data.google_compute_default_service_account.default","module.enabled_google_apis.google_project_iam_member.project_service_identity_roles","module.enabled_google_apis.google_project_service.project_services","module.enabled_google_apis.google_project_service_identity.project_service_identities"]}]},{"mode":"managed","type":"google_certificate_manager_certificate_map","name":"blog","provider":"provider[\"registry.opentofu.org/hashicorp/google\"]","instances":[{"schema_version":0,"attributes":{"create_time":"2025-10-01T04:34:14.939555199Z","description":"","effective_labels":{"goog-terraform-provisioned":"true"},"gclb_targets":[{"ip_configs":[{"ip_address":"34.111.44.243","ports":[443]}],"target_https_proxy":"//compute.googleapis.com/projects/214669871903/global/targetHttpsProxies/blog-https","target_ssl_proxy":""},{"ip_configs":[{"ip_address":"2600:1901:0:3c65::","ports":[443]}],"target_https_proxy":"//compute.googleapis.com/projects/214669871903/global/targetHttpsProxies/blog-https","target_ssl_proxy":""}],"id":"projects/jameshartig-blog/locations/global/certificateMaps/blog","labels":{},"name":"blog","project":"jameshartig-blog","terraform_labels":{"goog-terraform-provisioned":"true"},"timeouts":null,"update_time":"2025-10-01T08:41:21.691010387Z"},"sensitive_attributes":[],"private":"eyJlMmJmYjczMC1lY2FhLTExZTYtOGY4OC0zNDM2M2JjN2M0YzAiOnsiY3JlYXRlIjoxMjAwMDAwMDAwMDAwLCJkZWxldGUiOjEyMDAwMDAwMDAwMDAsInVwZGF0ZSI6MTIwMDAwMDAwMDAwMH19"}]},{"mode":"managed","type":"google_certificate_manager_certificate_map_entry","name":"jameshartig_com","provider":"provider[\"registry.opentofu.org/hashicorp/google\"]","instances":[{"schema_version":0,"attributes":{"certificates":["projects/214669871903/locations/global/certificates/jameshartig-com"],"create_time":"2025-11-02T03:53:41.020720554Z","description":"","effective_labels":{"goog-terraform-provisioned":"true"},"hostname":"jameshartig.com","id":"projects/jameshartig-blog/locations/global/certificateMaps/blog/certificateMapEntries/jameshartig-com","labels":{},"map":"blog","matcher":"","name":"jameshartig-com","project":"jameshartig-blog","state":"ACTIVE","terraform_labels":{"goog-terraform-provisioned":"true"},"timeouts":null,"update_time":"2025-11-02T03:53:41.451220838Z"},"sensitive_attributes":[],"private":"eyJlMmJmYjczMC1lY2FhLTExZTYtOGY4OC0zNDM2M2JjN2M0YzAiOnsiY3JlYXRlIjoxMjAwMDAwMDAwMDAwLCJkZWxldGUiOjEyMDAwMDAwMDAwMDAsInVwZGF0ZSI6MTIwMDAwMDAwMDAwMH19","dependencies":["google_certificate_manager_certificate.jameshartig_com","google_certificate_manager_certificate_map.blog","google_certificate_manager_dns_authorization.jameshartig_com","module.enabled_google_apis.data.google_compute_default_service_account.default","module.enabled_google_apis.google_project_iam_member.project_service_identity_roles","module.enabled_google_apis.google_project_service.project_services","module.enabled_google_apis.google_project_service_identity.project_service_identities"]}]},{"mode":"managed","type":"google_certificate_manager_certificate_map_entry","name":"jameshartig_dev","provider":"provider[\"registry.opentofu.org/hashicorp/google\"]","instances":[{"schema_version":0,"attributes":{"certificates":["projects/214669871903/locations/global/certificates/jameshartig-dev"],"create_time":"2025-11-02T03:53:30.081413001Z","description":"","effective_labels":{"goog-terraform-provisioned":"true"},"hostname":"jameshartig.dev","id":"projects/jameshartig-blog/locations/global/certificateMaps/blog/certificateMapEntries/jameshartig-dev","labels":{},"map":"blog","matcher":"","name":"jameshartig-dev","project":"jameshartig-blog","state":"ACTIVE","terraform_labels":{"goog-terraform-provisioned":"true"},"timeouts":null,"update_time":"2025-11-02T03:53:30.650082556Z"},"sensitive_attributes":[],"private":"eyJlMmJmYjczMC1lY2FhLTExZTYtOGY4OC0zNDM2M2JjN2M0YzAiOnsiY3JlYXRlIjoxMjAwMDAwMDAwMDAwLCJkZWxldGUiOjEyMDAwMDAwMDAwMDAsInVwZGF0ZSI6MTIwMDAwMDAwMDAwMH19","dependencies":["google_certificate_manager_certificate.jameshartig_dev","google_certificate_manager_certificate_map.blog","google_certificate_manager_dns_authorization.jameshartig_dev","module.enabled_google_apis.data.google_compute_default_service_account.default","module.enabled_google_apis.google_project_iam_member.project_service_identity_roles","module.enabled_google_apis.google_project_service.project_services","module.enabled_google_apis.google_project_service_identity.project_service_identities"]}]},{"mode":"managed","type":"google_certificate_manager_dns_authorization","name":"jameshartig_com","provider":"provider[\"registry.opentofu.org/hashicorp/google\"]","instances":[{"schema_version":1,"attributes":{"description":"","dns_resource_record":[{"data":"53956af3-e549-4040-a091-c62f57d3dc78.11.authorize.certificatemanager.goog.","name":"_acme-challenge.jameshartig.com.","type":"CNAME"}],"domain":"jameshartig.com","effective_labels":{"goog-terraform-provisioned":"true"},"id":"projects/jameshartig-blog/locations/global/dnsAuthorizations/jameshartig-com","labels":{},"location":"global","name":"jameshartig-com","project":"jameshartig-blog","terraform_labels":{"goog-terraform-provisioned":"true"},"timeouts":null,"type":"FIXED_RECORD"},"sensitive_attributes":[],"private":"eyJlMmJmYjczMC1lY2FhLTExZTYtOGY4OC0zNDM2M2JjN2M0YzAiOnsiY3JlYXRlIjoxMjAwMDAwMDAwMDAwLCJkZWxldGUiOjEyMDAwMDAwMDAwMDAsInVwZGF0ZSI6MTIwMDAwMDAwMDAwMH0sInNjaGVtYV92ZXJzaW9uIjoiMSJ9","dependencies":["module.enabled_google_apis.data.google_compute_default_service_account.default","module.enabled_google_apis.google_project_iam_member.project_service_identity_roles","module.enabled_google_apis.google_project_service.project_services","module.enabled_google_apis.google_project_service_identity.project_service_identities"]}]},{"mode":"managed","type":"google_certificate_manager_dns_authorization","name":"jameshartig_dev","provider":"provider[\"registry.opentofu.org/hashicorp/google\"]","instances":[{"schema_version":1,"attributes":{"description":"","dns_resource_record":[{"data":"51575f13-ac9c-4159-abe8-54898fa9f260.6.authorize.certificatemanager.goog.","name":"_acme-challenge.jameshartig.dev.","type":"CNAME"}],"domain":"jameshartig.dev","effective_labels":{"goog-terraform-provisioned":"true"},"id":"projects/jameshartig-blog/locations/global/dnsAuthorizations/jameshartig-dev","labels":{},"location":"global","name":"jameshartig-dev","project":"jameshartig-blog","terraform_labels":{"goog-terraform-provisioned":"true"},"timeouts":null,"type":"FIXED_RECORD"},"sensitive_attributes":[],"private":"eyJlMmJmYjczMC1lY2FhLTExZTYtOGY4OC0zNDM2M2JjN2M0YzAiOnsiY3JlYXRlIjoxMjAwMDAwMDAwMDAwLCJkZWxldGUiOjEyMDAwMDAwMDAwMDAsInVwZGF0ZSI6MTIwMDAwMDAwMDAwMH0sInNjaGVtYV92ZXJzaW9uIjoiMSJ9","dependencies":["module.enabled_google_apis.data.google_compute_default_service_account.default","module.enabled_google_apis.google_project_iam_member.project_service_identity_roles","module.enabled_google_apis.google_project_service.project_services","module.enabled_google_apis.google_project_service_identity.project_service_identities"]}]},{"mode":"managed","type":"google_cloud_run_v2_service","name":"blog","provider":"provider[\"registry.opentofu.org/hashicorp/google\"]","instances":[{"schema_version":0,"attributes":{"annotations":{},"binary_authorization":[],"build_config":[],"client":"gcloud","client_version":"545.0.0","conditions":[{"execution_reason":"","last_transition_time":"2025-11-02T04:44:00.538606Z","message":"Revision 'blog-multiregion-00009-mw2d' is not ready and cannot serve traffic. The user-provided container failed the configured startup probe checks. Logs for this revision might contain more information.\n\nLogs URL: https://console.cloud.google.com/logs/viewer?project=jameshartig-blog\u0026resource=cloud_run_revision/service_name/blog/revision_name/blog-multiregion-00009-mw2d\u0026advancedFilter=resource.type%3D%22cloud_run_revision%22%0Aresource.labels.service_name%3D%22blog%22%0Aresource.labels.revision_name%3D%22blog-multiregion-00009-mw2d%22 \nFor more troubleshooting guidance, see https://cloud.google.com/run/docs/troubleshooting#container-failed-to-start","reason":"","revision_reason":"HEALTH_CHECK_CONTAINER_ERROR","severity":"","state":"CONDITION_FAILED","type":"MultiRegionReady/us-central1"},{"execution_reason":"","last_transition_time":"2025-11-02T04:43:56.610816Z","message":"The user-provided container failed the configured startup probe checks. Logs for this revision might contain more information.\n\nLogs URL: https://console.cloud.google.com/logs/viewer?project=jameshartig-blog\u0026resource=cloud_run_revision/service_name/blog/revision_name/blog-multiregion-00009-mw2d\u0026advancedFilter=resource.type%3D%22cloud_run_revision%22%0Aresource.labels.service_name%3D%22blog%22%0Aresource.labels.revision_name%3D%22blog-multiregion-00009-mw2d%22 \nFor more troubleshooting guidance, see https://cloud.google.com/run/docs/troubleshooting#container-failed-to-start","reason":"","revision_reason":"HEALTH_CHECK_CONTAINER_ERROR","severity":"","state":"CONDITION_FAILED","type":"MultiRegionReady/europe-west1"}],"create_time":"2025-10-01T04:19:21.112627Z","creator":"fastest963@gmail.com","custom_audiences":[],"default_uri_disabled":true,"delete_time":"","deletion_protection":true,"description":"","effective_annotations":{},"effective_labels":{"goog-terraform-provisioned":"true"},"etag":"","expire_time":"","generation":"9","id":"projects/jameshartig-blog/locations/global/services/blog","ingress":"INGRESS_TRAFFIC_INTERNAL_LOAD_BALANCER","invoker_iam_disabled":false,"labels":{},"last_modifier":"fastest963@gmail.com","latest_created_revision":"projects/jameshartig-blog/locations/global/services/blog/revisions/blog-multiregion-00009-mw2d","latest_ready_revision":"","launch_stage":"GA","location":"global","multi_region_settings":[{"multi_region_id":"c20918c9c4003","regions":["us-central1","europe-west1"]}],"name":"blog","observed_generation":"9","project":"jameshartig-blog","reconciling":false,"scaling":[{"manual_instance_count":0,"max_instance_count":1,"min_instance_count":0,"scaling_mode":""}],"template":[{"annotations":{},"containers":[{"args":[],"base_image_uri":"","build_info":[],"command":[],"depends_on":[],"env":[],"image":"us-docker.pkg.dev/jameshartig-blog/blog/blog:5e247a27341726a770659a039d3d2b1774a4a653","liveness_probe":[{"failure_threshold":3,"grpc":[],"http_get":[{"http_headers":[],"path":"/healthz","port":8080}],"initial_delay_seconds":0,"period_seconds":15,"tcp_socket":[],"timeout_seconds":1}],"name":"","ports":[{"container_port":8080,"name":"http1"}],"resources":[{"cpu_idle":true,"limits":{"cpu":"1","memory":"128Mi"},"startup_cpu_boost":false}],"startup_probe":[{"failure_threshold":3,"grpc":[],"http_get":[{"http_headers":[],"path":"/healthz","port":8080}],"initial_delay_seconds":0,"period_seconds":1,"tcp_socket":[],"timeout_seconds":1}],"volume_mounts":[],"working_dir":""}],"encryption_key":"","execution_environment":"","gpu_zonal_redundancy_disabled":false,"health_check_disabled":false,"labels":{},"max_instance_request_concurrency":1000,"node_selector":[],"revision":"","scaling":[{"max_instance_count":10,"min_instance_count":0}],"service_account":"blog-builder@jameshartig-blog.iam.gserviceaccount.com","session_affinity":false,"timeout":"10s","volumes":[],"vpc_access":[{"connector":"","egress":"PRIVATE_RANGES_ONLY","network_interfaces":[{"network":"projects/jameshartig-blog/global/networks/default","subnetwork":"","tags":[]}]}]}],"terminal_condition":[{"execution_reason":"","last_transition_time":"2025-11-02T04:44:00.538606Z","message":"Revision 'blog-multiregion-00009-mw2d' is not ready and cannot serve traffic. The user-provided container failed the configured startup probe checks. Logs for this revision might contain more information.\n\nLogs URL: https://console.cloud.google.com/logs/viewer?project=jameshartig-blog\u0026resource=cloud_run_revision/service_name/blog/revision_name/blog-multiregion-00009-mw2d\u0026advancedFilter=resource.type%3D%22cloud_run_revision%22%0Aresource.labels.service_name%3D%22blog%22%0Aresource.labels.revision_name%3D%22blog-multiregion-00009-mw2d%22 \nFor more troubleshooting guidance, see https://cloud.google.com/run/docs/troubleshooting#container-failed-to-start","reason":"INTERNAL","revision_reason":"","severity":"","state":"CONDITION_FAILED","type":"Ready"}],"terraform_labels":{"goog-terraform-provisioned":"true"},"timeouts":null,"traffic":[{"percent":100,"revision":"","tag":"","type":"TRAFFIC_TARGET_ALLOCATION_TYPE_LATEST"}],"traffic_statuses":[],"uid":"0df4586a-23b5-42c5-a9a6-c465ed5aebd6","update_time":"2025-11-02T04:43:48.448048Z","uri":"","urls":[]},"sensitive_attributes":[],"private":"eyJlMmJmYjczMC1lY2FhLTExZTYtOGY4OC0zNDM2M2JjN2M0YzAiOnsiY3JlYXRlIjoxMjAwMDAwMDAwMDAwLCJkZWxldGUiOjEyMDAwMDAwMDAwMDAsInVwZGF0ZSI6MTIwMDAwMDAwMDAwMH19","dependencies":["google_artifact_registry_repository.blog","google_compute_network.default","google_service_account.blog","module.enabled_google_apis.data.google_compute_default_service_account.default","module.enabled_google_apis.google_project_iam_member.project_service_identity_roles","module.enabled_google_apis.google_project_service.project_services","module.enabled_google_apis.google_project_service_identity.project_service_identities"]}]},{"mode":"managed","type":"google_cloud_run_v2_service_iam_binding","name":"blog","provider":"provider[\"registry.opentofu.org/hashicorp/google\"]","instances":[{"index_key":"europe-west1","schema_version":0,"attributes":{"condition":[],"etag":"BwZAEp9aXZk=","id":"projects/jameshartig-blog/locations/europe-west1/services/blog/roles/run.invoker","location":"europe-west1","members":["allUsers"],"name":"projects/jameshartig-blog/locations/europe-west1/services/blog","project":"jameshartig-blog","role":"roles/run.invoker"},"sensitive_attributes":[],"private":"bnVsbA==","dependencies":["google_artifact_registry_repository.blog","google_cloud_run_v2_service.blog","google_compute_network.default","google_service_account.blog","module.enabled_google_apis.data.google_compute_default_service_account.default","module.enabled_google_apis.google_project_iam_member.project_service_identity_roles","module.enabled_google_apis.google_project_service.project_services","module.enabled_google_apis.google_project_service_identity.project_service_identities"]},{"index_key":"us-central1","schema_version":0,"attributes":{"condition":[],"etag":"BwZAEp9NAJQ=","id":"projects/jameshartig-blog/locations/us-central1/services/blog/roles/run.invoker","location":"us-central1","members":["allUsers"],"name":"projects/jameshartig-blog/locations/us-central1/services/blog","project":"jameshartig-blog","role":"roles/run.invoker"},"sensitive_attributes":[],"private":"bnVsbA==","dependencies":["google_artifact_registry_repository.blog","google_cloud_run_v2_service.blog","google_compute_network.default","google_service_account.blog","module.enabled_google_apis.data.google_compute_default_service_account.default","module.enabled_google_apis.google_project_iam_member.project_service_identity_roles","module.enabled_google_apis.google_project_service.project_services","module.enabled_google_apis.google_project_service_identity.project_service_identities"]}]},{"mode":"managed","type":"google_cloud_run_v2_service_iam_member","name":"blog","provider":"provider[\"registry.opentofu.org/hashicorp/google\"]","instances":[{"index_key":"europe-west1","schema_version":0,"attributes":{"condition":[],"etag":"BwZAEp9aXZk=","id":"projects/jameshartig-blog/locations/europe-west1/services/blog/roles/run.developer/serviceAccount:blog-builder@jameshartig-blog.iam.gserviceaccount.com","location":"europe-west1","member":"serviceAccount:blog-builder@jameshartig-blog.iam.gserviceaccount.com","name":"projects/jameshartig-blog/locations/europe-west1/services/blog","project":"jameshartig-blog","role":"roles/run.developer"},"sensitive_attributes":[],"private":"bnVsbA==","dependencies":["google_artifact_registry_repository.blog","google_cloud_run_v2_service.blog","google_compute_network.default","google_service_account.blog","module.enabled_google_apis.data.google_compute_default_service_account.default","module.enabled_google_apis.google_project_iam_member.project_service_identity_roles","module.enabled_google_apis.google_project_service.project_services","module.enabled_google_apis.google_project_service_identity.project_service_identities"]},{"index_key":"us-central1","schema_version":0,"attributes":{"condition":[],"etag":"BwZAEp9NAJQ=","id":"projects/jameshartig-blog/locations/us-central1/services/blog/roles/run.developer/serviceAccount:blog-builder@jameshartig-blog.iam.gserviceaccount.com","location":"us-central1","member":"serviceAccount:blog-builder@jameshartig-blog.iam.gserviceaccount.com","name":"projects/jameshartig-blog/locations/us-central1/services/blog","project":"jameshartig-blog","role":"roles/run.developer"},"sensitive_attributes":[],"private":"bnVsbA==","dependencies":["google_artifact_registry_repository.blog","google_cloud_run_v2_service.blog","google_compute_network.default","google_service_account.blog","module.enabled_google_apis.data.google_compute_default_service_account.default","module.enabled_google_apis.google_project_iam_member.project_service_identity_roles","module.enabled_google_apis.google_project_service.project_services","module.enabled_google_apis.google_project_service_identity.project_service_identities"]}]},{"mode":"managed","type":"google_cloudbuild_trigger","name":"github","provider":"provider[\"registry.opentofu.org/hashicorp/google\"]","instances":[{"schema_version":2,"attributes":{"approval_config":[{"approval_required":false}],"bitbucket_server_trigger_config":[],"build":[{"artifacts":[],"available_secrets":[],"images":["us-docker.pkg.dev/jameshartig-blog/blog/blog:$COMMIT_SHA","us-docker.pkg.dev/jameshartig-blog/blog/blog:latest"],"logs_bucket":"","options":[{"disk_size_gb":0,"dynamic_substitutions":false,"env":[],"log_streaming_option":"","logging":"CLOUD_LOGGING_ONLY","machine_type":"","requested_verify_option":"","secret_env":[],"source_provenance_hash":[],"substitution_option":"","volumes":[],"worker_pool":""}],"queue_ttl":"","secret":[],"source":[],"step":[{"allow_exit_codes":[],"allow_failure":false,"args":["build","-t","us-docker.pkg.dev/jameshartig-blog/blog/blog:$COMMIT_SHA","-t","us-docker.pkg.dev/jameshartig-blog/blog/blog:latest","."],"dir":"","entrypoint":"","env":[],"id":"","name":"gcr.io/cloud-builders/docker","script":"","secret_env":[],"timeout":"","timing":"","volumes":[],"wait_for":[]},{"allow_exit_codes":[],"allow_failure":false,"args":["push","us-docker.pkg.dev/jameshartig-blog/blog/blog:$COMMIT_SHA"],"dir":"","entrypoint":"","env":[],"id":"","name":"gcr.io/cloud-builders/docker","script":"","secret_env":[],"timeout":"","timing":"","volumes":[],"wait_for":[]},{"allow_exit_codes":[],"allow_failure":false,"args":["run","services","update","blog","--platform=managed","--image=us-docker.pkg.dev/jameshartig-blog/blog/blog:$COMMIT_SHA","--region=global","--quiet"],"dir":"","entrypoint":"gcloud","env":[],"id":"","name":"gcr.io/google.com/cloudsdktool/cloud-sdk:slim","script":"","secret_env":[],"timeout":"","timing":"","volumes":[],"wait_for":[]}],"substitutions":{},"tags":[],"timeout":"600s"}],"create_time":"2025-10-01T04:06:20.899628046Z","description":"","developer_connect_event_config":[],"disabled":false,"filename":"","filter":"","git_file_source":[],"github":[],"id":"projects/jameshartig-blog/locations/us-central1/triggers/ffc7be75-c7a4-4f36-adbf-c0c6c93e4960","ignored_files":[],"include_build_logs":"","included_files":[],"location":"us-central1","name":"trigger","project":"jameshartig-blog","pubsub_config":[],"repository_event_config":[{"pull_request":[],"push":[{"branch":"^main$","invert_regex":false,"tag":""}],"repository":"projects/jameshartig-blog/locations/us-central1/connections/github-jameshartig/repositories/jameshartig-blog"}],"service_account":"projects/jameshartig-blog/serviceAccounts/blog-builder@jameshartig-blog.iam.gserviceaccount.com","source_to_build":[],"substitutions":{},"tags":[],"timeouts":null,"trigger_id":"ffc7be75-c7a4-4f36-adbf-c0c6c93e4960","trigger_template":[],"webhook_config":[]},"sensitive_attributes":[],"private":"eyJlMmJmYjczMC1lY2FhLTExZTYtOGY4OC0zNDM2M2JjN2M0YzAiOnsiY3JlYXRlIjoxMjAwMDAwMDAwMDAwLCJkZWxldGUiOjEyMDAwMDAwMDAwMDAsInVwZGF0ZSI6MTIwMDAwMDAwMDAwMH0sInNjaGVtYV92ZXJzaW9uIjoiMiJ9","dependencies":["google_artifact_registry_repository.blog","google_service_account.blog","module.enabled_google_apis.data.google_compute_default_service_account.default","module.enabled_google_apis.google_project_iam_member.project_service_identity_roles","module.enabled_google_apis.google_project_service.project_services","module.enabled_google_apis.google_project_service_identity.project_service_identities"]}]},{"mode":"managed","type":"google_compute_backend_service","name":"run","provider":"provider[\"registry.opentofu.org/hashicorp/google\"]","instances":[{"schema_version":1,"attributes":{"affinity_cookie_ttl_sec":0,"backend":[{"balancing_mode":"UTILIZATION","capacity_scaler":1,"custom_metrics":[],"description":"","group":"https://www.googleapis.com/compute/v1/projects/jameshartig-blog/regions/europe-west1/networkEndpointGroups/blog-europe-west1","max_connections":0,"max_connections_per_endpoint":0,"max_connections_per_instance":0,"max_rate":0,"max_rate_per_endpoint":0,"max_rate_per_instance":0,"max_utilization":0,"preference":""},{"balancing_mode":"UTILIZATION","capacity_scaler":1,"custom_metrics":[],"description":"","group":"https://www.googleapis.com/compute/v1/projects/jameshartig-blog/regions/us-central1/networkEndpointGroups/blog-us-central1","max_connections":0,"max_connections_per_endpoint":0,"max_connections_per_instance":0,"max_rate":0,"max_rate_per_endpoint":0,"max_rate_per_instance":0,"max_utilization":0,"preference":""}],"cdn_policy":[],"circuit_breakers":[],"compression_mode":"DISABLED","connection_draining_timeout_sec":300,"consistent_hash":[],"creation_timestamp":"2025-09-30T21:26:29.879-07:00","custom_metrics":[],"custom_request_headers":[],"custom_response_headers":[],"description":"","edge_security_policy":"","enable_cdn":false,"external_managed_migration_state":"","external_managed_migration_testing_percentage":0,"fingerprint":"Bu04DCG7cZw=","generated_id":5666144232603194266,"health_checks":[],"iap":[{"enabled":false,"oauth2_client_id":"","oauth2_client_secret":"","oauth2_client_secret_sha256":"e3b0c44298fc1c149afbf4c8996fb92427ae41e4649b934ca495991b7852b855"}],"id":"projects/jameshartig-blog/global/backendServices/blog","ip_address_selection_policy":"","load_balancing_scheme":"EXTERNAL_MANAGED","locality_lb_policies":[],"locality_lb_policy":"","log_config":[{"enable":true,"optional_fields":[],"optional_mode":"INCLUDE_ALL_OPTIONAL","sample_rate":1}],"max_stream_duration":[],"name":"blog","outlier_detection":[],"params":[],"port_name":"http","project":"jameshartig-blog","protocol":"HTTP","security_policy":"","security_settings":[],"self_link":"https://www.googleapis.com/compute/v1/projects/jameshartig-blog/global/backendServices/blog","service_lb_policy":"","session_affinity":"CLIENT_IP","strong_session_affinity_cookie":[],"timeout_sec":30,"timeouts":null,"tls_settings":[]},"sensitive_attributes":[[{"type":"get_attr","value":"iap"},{"type":"index","value":{"value":0,"type":"number"}},{"type":"get_attr","value":"oauth2_client_secret"}],[{"type":"get_attr","value":"iap"},{"type":"index","value":{"value":0,"type":"number"}},{"type":"get_attr","value":"oauth2_client_secret_sha256"}]],"private":"eyJlMmJmYjczMC1lY2FhLTExZTYtOGY4OC0zNDM2M2JjN2M0YzAiOnsiY3JlYXRlIjoxMjAwMDAwMDAwMDAwLCJkZWxldGUiOjEyMDAwMDAwMDAwMDAsInVwZGF0ZSI6MTIwMDAwMDAwMDAwMH0sInNjaGVtYV92ZXJzaW9uIjoiMSJ9","dependencies":["google_artifact_registry_repository.blog","google_cloud_run_v2_service.blog","google_compute_network.default","google_compute_region_network_endpoint_group.blog","google_service_account.blog","module.enabled_google_apis.data.google_compute_default_service_account.default","module.enabled_google_apis.google_project_iam_member.project_service_identity_roles","module.enabled_google_apis.google_project_service.project_services","module.enabled_google_apis.google_project_service_identity.project_service_identities"]}]},{"mode":"managed","type":"google_compute_global_address","name":"blog_ipv4","provider":"provider[\"registry.opentofu.org/hashicorp/google\"]","instances":[{"schema_version":0,"attributes":{"address":"34.111.44.243","address_type":"EXTERNAL","creation_timestamp":"2025-09-30T21:08:07.592-07:00","description":"","effective_labels":{"goog-terraform-provisioned":"true"},"id":"projects/jameshartig-blog/global/addresses/blog-ipv4","ip_version":"","label_fingerprint":"vezUS-42LLM=","labels":{},"name":"blog-ipv4","network":"","prefix_length":0,"project":"jameshartig-blog","purpose":"","self_link":"https://www.googleapis.com/compute/v1/projects/jameshartig-blog/global/addresses/blog-ipv4","terraform_labels":{"goog-terraform-provisioned":"true"},"timeouts":null},"sensitive_attributes":[],"private":"eyJlMmJmYjczMC1lY2FhLTExZTYtOGY4OC0zNDM2M2JjN2M0YzAiOnsiY3JlYXRlIjoxMjAwMDAwMDAwMDAwLCJkZWxldGUiOjEyMDAwMDAwMDAwMDAsInVwZGF0ZSI6MTIwMDAwMDAwMDAwMH19"}]},{"mode":"managed","type":"google_compute_global_address","name":"blog_ipv6","provider":"provider[\"registry.opentofu.org/hashicorp/google\"]","instances":[{"schema_version":0,"attributes":{"address":"2600:1901:0:3c65::","address_type":"EXTERNAL","creation_timestamp":"2025-09-30T21:08:08.626-07:00","description":"","effective_labels":{"goog-terraform-provisioned":"true"},"id":"projects/jameshartig-blog/global/addresses/blog-ipv6","ip_version":"IPV6","label_fingerprint":"vezUS-42LLM=","labels":{},"name":"blog-ipv6","network":"","prefix_length":0,"project":"jameshartig-blog","purpose":"","self_link":"https://www.googleapis.com/compute/v1/projects/jameshartig-blog/global/addresses/blog-ipv6","terraform_labels":{"goog-terraform-provisioned":"true"},"timeouts":null},"sensitive_attributes":[],"private":"eyJlMmJmYjczMC1lY2FhLTExZTYtOGY4OC0zNDM2M2JjN2M0YzAiOnsiY3JlYXRlIjoxMjAwMDAwMDAwMDAwLCJkZWxldGUiOjEyMDAwMDAwMDAwMDAsInVwZGF0ZSI6MTIwMDAwMDAwMDAwMH19"}]},{"mode":"managed","type":"google_compute_global_forwarding_rule","name":"blog_ipv4_http","provider":"provider[\"registry.opentofu.org/hashicorp/google\"]","instances":[{"schema_version":0,"attributes":{"base_forwarding_rule":"","description":"","effective_labels":{},"external_managed_backend_bucket_migration_state":"","external_managed_backend_bucket_migration_testing_percentage":0,"forwarding_rule_id":6826137615611270540,"id":"projects/jameshartig-blog/global/forwardingRules/blog-ipv4-http","ip_address":"34.111.44.243","ip_protocol":"TCP","ip_version":"","label_fingerprint":"42WmSpB8rSM=","labels":{},"load_balancing_scheme":"EXTERNAL_MANAGED","metadata_filters":[],"name":"blog-ipv4-http","network":"","network_tier":"PREMIUM","no_automate_dns_zone":null,"port_range":"80-80","project":"jameshartig-blog","psc_connection_id":"","psc_connection_status":"","self_link":"https://www.googleapis.com/compute/v1/projects/jameshartig-blog/global/forwardingRules/blog-ipv4-http","service_directory_registrations":[],"source_ip_ranges":[],"subnetwork":"","target":"https://www.googleapis.com/compute/v1/projects/jameshartig-blog/global/targetHttpProxies/http-redirect","terraform_labels":{},"timeouts":null},"sensitive_attributes":[],"private":"eyJlMmJmYjczMC1lY2FhLTExZTYtOGY4OC0zNDM2M2JjN2M0YzAiOnsiY3JlYXRlIjoxMjAwMDAwMDAwMDAwLCJkZWxldGUiOjEyMDAwMDAwMDAwMDAsInVwZGF0ZSI6MTIwMDAwMDAwMDAwMH19","dependencies":["google_compute_global_address.blog_ipv4","google_compute_target_http_proxy.redirect","google_compute_url_map.redirect"]}]},{"mode":"managed","type":"google_compute_global_forwarding_rule","name":"blog_ipv4_https","provider":"provider[\"registry.opentofu.org/hashicorp/google\"]","instances":[{"schema_version":0,"attributes":{"base_forwarding_rule":"","description":"","effective_labels":{},"external_managed_backend_bucket_migration_state":"","external_managed_backend_bucket_migration_testing_percentage":0,"forwarding_rule_id":4932835870264856928,"id":"projects/jameshartig-blog/global/forwardingRules/blog-ipv4-https","ip_address":"34.111.44.243","ip_protocol":"TCP","ip_version":"","label_fingerprint":"42WmSpB8rSM=","labels":{},"load_balancing_scheme":"EXTERNAL_MANAGED","metadata_filters":[],"name":"blog-ipv4-https","network":"","network_tier":"PREMIUM","no_automate_dns_zone":null,"port_range":"443-443","project":"jameshartig-blog","psc_connection_id":"","psc_connection_status":"","self_link":"https://www.googleapis.com/compute/v1/projects/jameshartig-blog/global/forwardingRules/blog-ipv4-https","service_directory_registrations":[],"source_ip_ranges":[],"subnetwork":"","target":"https://www.googleapis.com/compute/v1/projects/jameshartig-blog/global/targetHttpsProxies/blog-https","terraform_labels":{},"timeouts":null},"sensitive_attributes":[],"private":"eyJlMmJmYjczMC1lY2FhLTExZTYtOGY4OC0zNDM2M2JjN2M0YzAiOnsiY3JlYXRlIjoxMjAwMDAwMDAwMDAwLCJkZWxldGUiOjEyMDAwMDAwMDAwMDAsInVwZGF0ZSI6MTIwMDAwMDAwMDAwMH19","dependencies":["google_artifact_registry_repository.blog","google_certificate_manager_certificate_map.blog","google_cloud_run_v2_service.blog","google_compute_backend_service.run","google_compute_global_address.blog_ipv4","google_compute_network.default","google_compute_region_network_endpoint_group.blog","google_compute_ssl_policy.tls_1_2_modern","google_compute_target_https_proxy.blog","google_compute_url_map.blog","google_service_account.blog","module.enabled_google_apis.data.google_compute_default_service_account.default","module.enabled_google_apis.google_project_iam_member.project_service_identity_roles","module.enabled_google_apis.google_project_service.project_services","module.enabled_google_apis.google_project_service_identity.project_service_identities"]}]},{"mode":"managed","type":"google_compute_global_forwarding_rule","name":"blog_ipv6_http","provider":"provider[\"registry.opentofu.org/hashicorp/google\"]","instances":[{"schema_version":0,"attributes":{"base_forwarding_rule":"","description":"","effective_labels":{},"external_managed_backend_bucket_migration_state":"","external_managed_backend_bucket_migration_testing_percentage":0,"forwarding_rule_id":6996062881371460773,"id":"projects/jameshartig-blog/global/forwardingRules/blog-ipv6-http","ip_address":"2600:1901:0:3c65::","ip_protocol":"TCP","ip_version":"","label_fingerprint":"42WmSpB8rSM=","labels":{},"load_balancing_scheme":"EXTERNAL_MANAGED","metadata_filters":[],"name":"blog-ipv6-http","network":"","network_tier":"PREMIUM","no_automate_dns_zone":null,"port_range":"80-80","project":"jameshartig-blog","psc_connection_id":"","psc_connection_status":"","self_link":"https://www.googleapis.com/compute/v1/projects/jameshartig-blog/global/forwardingRules/blog-ipv6-http","service_directory_registrations":[],"source_ip_ranges":[],"subnetwork":"","target":"https://www.googleapis.com/compute/v1/projects/jameshartig-blog/global/targetHttpProxies/http-redirect","terraform_labels":{},"timeouts":null},"sensitive_attributes":[],"private":"eyJlMmJmYjczMC1lY2FhLTExZTYtOGY4OC0zNDM2M2JjN2M0YzAiOnsiY3JlYXRlIjoxMjAwMDAwMDAwMDAwLCJkZWxldGUiOjEyMDAwMDAwMDAwMDAsInVwZGF0ZSI6MTIwMDAwMDAwMDAwMH19","dependencies":["google_compute_global_address.blog_ipv6","google_compute_target_http_proxy.redirect","google_compute_url_map.redirect"]}]},{"mode":"managed","type":"google_compute_global_forwarding_rule","name":"blog_ipv6_https","provider":"provider[\"registry.opentofu.org/hashicorp/google\"]","instances":[{"schema_version":0,"attributes":{"base_forwarding_rule":"","description":"","effective_labels":{},"external_managed_backend_bucket_migration_state":"","external_managed_backend_bucket_migration_testing_percentage":0,"forwarding_rule_id":246113109569245536,"id":"projects/jameshartig-blog/global/forwardingRules/blog-ipv6-https","ip_address":"2600:1901:0:3c65::","ip_protocol":"TCP","ip_version":"","label_fingerprint":"42WmSpB8rSM=","labels":{},"load_balancing_scheme":"EXTERNAL_MANAGED","metadata_filters":[],"name":"blog-ipv6-https","network":"","network_tier":"PREMIUM","no_automate_dns_zone":null,"port_range":"443-443","project":"jameshartig-blog","psc_connection_id":"","psc_connection_status":"","self_link":"https://www.googleapis.com/compute/v1/projects/jameshartig-blog/global/forwardingRules/blog-ipv6-https","service_directory_registrations":[],"source_ip_ranges":[],"subnetwork":"","target":"https://www.googleapis.com/compute/v1/projects/jameshartig-blog/global/targetHttpsProxies/blog-https","terraform_labels":{},"timeouts":null},"sensitive_attributes":[],"private":"eyJlMmJmYjczMC1lY2FhLTExZTYtOGY4OC0zNDM2M2JjN2M0YzAiOnsiY3JlYXRlIjoxMjAwMDAwMDAwMDAwLCJkZWxldGUiOjEyMDAwMDAwMDAwMDAsInVwZGF0ZSI6MTIwMDAwMDAwMDAwMH19","dependencies":["google_artifact_registry_repository.blog","google_certificate_manager_certificate_map.blog","google_cloud_run_v2_service.blog","google_compute_backend_service.run","google_compute_global_address.blog_ipv6","google_compute_network.default","google_compute_region_network_endpoint_group.blog","google_compute_ssl_policy.tls_1_2_modern","google_compute_target_https_proxy.blog","google_compute_url_map.blog","google_service_account.blog","module.enabled_google_apis.data.google_compute_default_service_account.default","module.enabled_google_apis.google_project_iam_member.project_service_identity_roles","module.enabled_google_apis.google_project_service.project_services","module.enabled_google_apis.google_project_service_identity.project_service_identities"]}]},{"mode":"managed","type":"google_compute_network","name":"default","provider":"provider[\"registry.opentofu.org/hashicorp/google\"]","instances":[{"schema_version":0,"attributes":{"auto_create_subnetworks":false,"bgp_always_compare_med":false,"bgp_best_path_selection_mode":"LEGACY","bgp_inter_region_cost":"","delete_default_routes_on_create":false,"description":"","enable_ula_internal_ipv6":false,"gateway_ipv4":"","id":"projects/jameshartig-blog/global/networks/default","internal_ipv6_range":"","mtu":0,"name":"default","network_firewall_policy_enforcement_order":"AFTER_CLASSIC_FIREWALL","network_id":"1332138467021362981","network_profile":"","numeric_id":"1332138467021362981","params":[],"project":"jameshartig-blog","routing_mode":"GLOBAL","self_link":"https://www.googleapis.com/compute/v1/projects/jameshartig-blog/global/networks/default","timeouts":null},"sensitive_attributes":[],"private":"eyJlMmJmYjczMC1lY2FhLTExZTYtOGY4OC0zNDM2M2JjN2M0YzAiOnsiY3JlYXRlIjoxMjAwMDAwMDAwMDAwLCJkZWxldGUiOjEyMDAwMDAwMDAwMDAsInVwZGF0ZSI6MTIwMDAwMDAwMDAwMH19","dependencies":["module.enabled_google_apis.data.google_compute_default_service_account.default","module.enabled_google_apis.google_project_iam_member.project_service_identity_roles","module.enabled_google_apis.google_project_service.project_services","module.enabled_google_apis.google_project_service_identity.project_service_identities"]}]},{"mode":"managed","type":"google_compute_region_network_endpoint_group","name":"blog","provider":"provider[\"registry.opentofu.org/hashicorp/google\"]","instances":[{"index_key":"europe-west1","schema_version":0,"attributes":{"app_engine":[],"cloud_function":[],"cloud_run":[{"service":"blog","tag":"","url_mask":""}],"description":"","id":"projects/jameshartig-blog/regions/europe-west1/networkEndpointGroups/blog-europe-west1","name":"blog-europe-west1","network":"","network_endpoint_type":"SERVERLESS","project":"jameshartig-blog","psc_data":[],"psc_target_service":"","region":"https://www.googleapis.com/compute/v1/projects/jameshartig-blog/regions/europe-west1","self_link":"https://www.googleapis.com/compute/v1/projects/jameshartig-blog/regions/europe-west1/networkEndpointGroups/blog-europe-west1","subnetwork":"","timeouts":null},"sensitive_attributes":[],"private":"eyJlMmJmYjczMC1lY2FhLTExZTYtOGY4OC0zNDM2M2JjN2M0YzAiOnsiY3JlYXRlIjoxMjAwMDAwMDAwMDAwLCJkZWxldGUiOjEyMDAwMDAwMDAwMDB9fQ==","dependencies":["google_artifact_registry_repository.blog","google_cloud_run_v2_service.blog","google_compute_network.default","google_service_account.blog","module.enabled_google_apis.data.google_compute_default_service_account.default","module.enabled_google_apis.google_project_iam_member.project_service_identity_roles","module.enabled_google_apis.google_project_service.project_services","module.enabled_google_apis.google_project_service_identity.project_service_identities"]},{"index_key":"us-central1","schema_version":0,"attributes":{"app_engine":[],"cloud_function":[],"cloud_run":[{"service":"blog","tag":"","url_mask":""}],"description":"","id":"projects/jameshartig-blog/regions/us-central1/networkEndpointGroups/blog-us-central1","name":"blog-us-central1","network":"","network_endpoint_type":"SERVERLESS","project":"jameshartig-blog","psc_data":[],"psc_target_service":"","region":"https://www.googleapis.com/compute/v1/projects/jameshartig-blog/regions/us-central1","self_link":"https://www.googleapis.com/compute/v1/projects/jameshartig-blog/regions/us-central1/networkEndpointGroups/blog-us-central1","subnetwork":"","timeouts":null},"sensitive_attributes":[],"private":"eyJlMmJmYjczMC1lY2FhLTExZTYtOGY4OC0zNDM2M2JjN2M0YzAiOnsiY3JlYXRlIjoxMjAwMDAwMDAwMDAwLCJkZWxldGUiOjEyMDAwMDAwMDAwMDB9fQ==","dependencies":["google_artifact_registry_repository.blog","google_cloud_run_v2_service.blog","google_compute_network.default","google_service_account.blog","module.enabled_google_apis.data.google_compute_default_service_account.default","module.enabled_google_apis.google_project_iam_member.project_service_identity_roles","module.enabled_google_apis.google_project_service.project_services","module.enabled_google_apis.google_project_service_identity.project_service_identities"]}]},{"mode":"managed","type":"google_compute_router","name":"default","provider":"provider[\"registry.opentofu.org/hashicorp/google\"]","instances":[{"index_key":"europe-west1","schema_version":0,"attributes":{"bgp":[],"creation_timestamp":"2025-09-30T21:17:41.910-07:00","description":"","encrypted_interconnect_router":false,"id":"projects/jameshartig-blog/regions/europe-west1/routers/europe-west1-router","md5_authentication_keys":[],"name":"europe-west1-router","network":"https://www.googleapis.com/compute/v1/projects/jameshartig-blog/global/networks/default","params":[],"project":"jameshartig-blog","region":"europe-west1","self_link":"https://www.googleapis.com/compute/v1/projects/jameshartig-blog/regions/europe-west1/routers/europe-west1-router","timeouts":null},"sensitive_attributes":[],"private":"eyJlMmJmYjczMC1lY2FhLTExZTYtOGY4OC0zNDM2M2JjN2M0YzAiOnsiY3JlYXRlIjoxMjAwMDAwMDAwMDAwLCJkZWxldGUiOjEyMDAwMDAwMDAwMDAsInVwZGF0ZSI6MTIwMDAwMDAwMDAwMH19","dependencies":["google_compute_network.default","module.enabled_google_apis.data.google_compute_default_service_account.default","module.enabled_google_apis.google_project_iam_member.project_service_identity_roles","module.enabled_google_apis.google_project_service.project_services","module.enabled_google_apis.google_project_service_identity.project_service_identities"]},{"index_key":"us-central1","schema_version":0,"attributes":{"bgp":[],"creation_timestamp":"2025-09-30T21:11:13.626-07:00","description":"","encrypted_interconnect_router":false,"id":"projects/jameshartig-blog/regions/us-central1/routers/us-central1-router","md5_authentication_keys":[],"name":"us-central1-router","network":"https://www.googleapis.com/compute/v1/projects/jameshartig-blog/global/networks/default","params":[],"project":"jameshartig-blog","region":"us-central1","self_link":"https://www.googleapis.com/compute/v1/projects/jameshartig-blog/regions/us-central1/routers/us-central1-router","timeouts":null},"sensitive_attributes":[],"private":"eyJlMmJmYjczMC1lY2FhLTExZTYtOGY4OC0zNDM2M2JjN2M0YzAiOnsiY3JlYXRlIjoxMjAwMDAwMDAwMDAwLCJkZWxldGUiOjEyMDAwMDAwMDAwMDAsInVwZGF0ZSI6MTIwMDAwMDAwMDAwMH19","dependencies":["google_compute_network.default","module.enabled_google_apis.data.google_compute_default_service_account.default","module.enabled_google_apis.google_project_iam_member.project_service_identity_roles","module.enabled_google_apis.google_project_service.project_services","module.enabled_google_apis.google_project_service_identity.project_service_identities"]}]},{"mode":"managed","type":"google_compute_ssl_policy","name":"tls_1_2_modern","provider":"provider[\"registry.opentofu.org/hashicorp/google\"]","instances":[{"schema_version":0,"attributes":{"creation_timestamp":"2025-09-30T21:08:07.569-07:00","custom_features":[],"description":"","enabled_features":["TLS_ECDHE_ECDSA_WITH_AES_128_CBC_SHA","TLS_ECDHE_ECDSA_WITH_AES_128_GCM_SHA256","TLS_ECDHE_ECDSA_WITH_AES_256_CBC_SHA","TLS_ECDHE_ECDSA_WITH_AES_256_GCM_SHA384","TLS_ECDHE_ECDSA_WITH_CHACHA20_POLY1305_SHA256","TLS_ECDHE_RSA_WITH_AES_128_CBC_SHA","TLS_ECDHE_RSA_WITH_AES_128_GCM_SHA256","TLS_ECDHE_RSA_WITH_AES_256_CBC_SHA","TLS_ECDHE_RSA_WITH_AES_256_GCM_SHA384","TLS_ECDHE_RSA_WITH_CHACHA20_POLY1305_SHA256"],"fingerprint":"C1a273SpEvg=","id":"projects/jameshartig-blog/global/sslPolicies/tls-1-2-modern-policy","min_tls_version":"TLS_1_2","name":"tls-1-2-modern-policy","profile":"MODERN","project":"jameshartig-blog","self_link":"https://www.googleapis.com/compute/v1/projects/jameshartig-blog/global/sslPolicies/tls-1-2-modern-policy","timeouts":null},"sensitive_attributes":[],"private":"eyJlMmJmYjczMC1lY2FhLTExZTYtOGY4OC0zNDM2M2JjN2M0YzAiOnsiY3JlYXRlIjoxMjAwMDAwMDAwMDAwLCJkZWxldGUiOjEyMDAwMDAwMDAwMDAsInVwZGF0ZSI6MTIwMDAwMDAwMDAwMH19"}]},{"mode":"managed","type":"google_compute_subnetwork","name":"default","provider":"provider[\"registry.opentofu.org/hashicorp/google\"]","instances":[{"index_key":"europe-west1","schema_version":0,"attributes":{"creation_timestamp":"2025-09-30T21:17:43.081-07:00","description":"","external_ipv6_prefix":"","fingerprint":null,"gateway_address":"10.0.16.1","id":"projects/jameshartig-blog/regions/europe-west1/subnetworks/default","internal_ipv6_prefix":"","ip_cidr_range":"10.0.16.0/24","ip_collection":null,"ipv6_access_type":"","ipv6_cidr_range":"","ipv6_gce_endpoint":"","log_config":[{"aggregation_interval":"INTERVAL_1_MIN","filter_expr":"true","flow_sampling":0.01,"metadata":"INCLUDE_ALL_METADATA","metadata_fields":[]}],"name":"default","network":"https://www.googleapis.com/compute/v1/projects/jameshartig-blog/global/networks/default","params":[],"private_ip_google_access":true,"private_ipv6_google_access":"DISABLE_GOOGLE_ACCESS","project":"jameshartig-blog","purpose":"PRIVATE","region":"europe-west1","reserved_internal_range":"","role":"","secondary_ip_range":[],"self_link":"https://www.googleapis.com/compute/v1/projects/jameshartig-blog/regions/europe-west1/subnetworks/default","send_secondary_ip_range_if_empty":null,"stack_type":"IPV4_ONLY","state":"","subnetwork_id":6637553126426613128,"timeouts":null},"sensitive_attributes":[],"private":"eyJlMmJmYjczMC1lY2FhLTExZTYtOGY4OC0zNDM2M2JjN2M0YzAiOnsiY3JlYXRlIjoxMjAwMDAwMDAwMDAwLCJkZWxldGUiOjEyMDAwMDAwMDAwMDAsInVwZGF0ZSI6MTIwMDAwMDAwMDAwMH19","dependencies":["google_compute_network.default","module.enabled_google_apis.data.google_compute_default_service_account.default","module.enabled_google_apis.google_project_iam_member.project_service_identity_roles","module.enabled_google_apis.google_project_service.project_services","module.enabled_google_apis.google_project_service_identity.project_service_identities"]},{"index_key":"us-central1","schema_version":0,"attributes":{"creation_timestamp":"2025-09-30T21:11:13.238-07:00","description":"","external_ipv6_prefix":"","fingerprint":null,"gateway_address":"10.0.0.1","id":"projects/jameshartig-blog/regions/us-central1/subnetworks/default","internal_ipv6_prefix":"","ip_cidr_range":"10.0.0.0/24","ip_collection":null,"ipv6_access_type":"","ipv6_cidr_range":"","ipv6_gce_endpoint":"","log_config":[{"aggregation_interval":"INTERVAL_1_MIN","filter_expr":"true","flow_sampling":0.01,"metadata":"INCLUDE_ALL_METADATA","metadata_fields":[]}],"name":"default","network":"https://www.googleapis.com/compute/v1/projects/jameshartig-blog/global/networks/default","params":[],"private_ip_google_access":true,"private_ipv6_google_access":"DISABLE_GOOGLE_ACCESS","project":"jameshartig-blog","purpose":"PRIVATE","region":"us-central1","reserved_internal_range":"","role":"","secondary_ip_range":[],"self_link":"https://www.googleapis.com/compute/v1/projects/jameshartig-blog/regions/us-central1/subnetworks/default","send_secondary_ip_range_if_empty":null,"stack_type":"IPV4_ONLY","state":"","subnetwork_id":8398910762020574990,"timeouts":null},"sensitive_attributes":[],"private":"eyJlMmJmYjczMC1lY2FhLTExZTYtOGY4OC0zNDM2M2JjN2M0YzAiOnsiY3JlYXRlIjoxMjAwMDAwMDAwMDAwLCJkZWxldGUiOjEyMDAwMDAwMDAwMDAsInVwZGF0ZSI6MTIwMDAwMDAwMDAwMH19","dependencies":["google_compute_network.default","module.enabled_google_apis.data.google_compute_default_service_account.default","module.enabled_google_apis.google_project_iam_member.project_service_identity_roles","module.enabled_google_apis.google_project_service.project_services","module.enabled_google_apis.google_project_service_identity.project_service_identities"]}]},{"mode":"managed","type":"google_compute_target_http_proxy","name":"redirect","provider":"provider[\"registry.opentofu.org/hashicorp/google\"]","instances":[{"schema_version":0,"attributes":{"creation_timestamp":"2025-09-30T21:08:18.934-07:00","description":"","fingerprint":"UzgXn19b5q0=","http_keep_alive_timeout_sec":0,"id":"projects/jameshartig-blog/global/targetHttpProxies/http-redirect","name":"http-redirect","project":"jameshartig-blog","proxy_bind":false,"proxy_id":6051652834870499293,"self_link":"https://www.googleapis.com/compute/v1/projects/jameshartig-blog/global/targetHttpProxies/http-redirect","timeouts":null,"url_map":"https://www.googleapis.com/compute/v1/projects/jameshartig-blog/global/urlMaps/redirect"},"sensitive_attributes":[],"private":"eyJlMmJmYjczMC1lY2FhLTExZTYtOGY4OC0zNDM2M2JjN2M0YzAiOnsiY3JlYXRlIjoxMjAwMDAwMDAwMDAwLCJkZWxldGUiOjEyMDAwMDAwMDAwMDAsInVwZGF0ZSI6MTIwMDAwMDAwMDAwMH19","dependencies":["google_compute_url_map.redirect"]}]},{"mode":"managed","type":"google_compute_target_https_proxy","name":"blog","provider":"provider[\"registry.opentofu.org/hashicorp/google\"]","instances":[{"schema_version":0,"attributes":{"certificate_manager_certificates":[],"certificate_map":"//certificatemanager.googleapis.com/projects/jameshartig-blog/locations/global/certificateMaps/blog","creation_timestamp":"2025-09-30T21:35:16.006-07:00","description":"","fingerprint":"3ZingULMElo=","http_keep_alive_timeout_sec":0,"id":"projects/jameshartig-blog/global/targetHttpsProxies/blog-https","name":"blog-https","project":"jameshartig-blog","proxy_bind":false,"proxy_id":6905895175477858668,"quic_override":"NONE","self_link":"https://www.googleapis.com/compute/v1/projects/jameshartig-blog/global/targetHttpsProxies/blog-https","server_tls_policy":"","ssl_certificates":[],"ssl_policy":"https://www.googleapis.com/compute/v1/projects/jameshartig-blog/global/sslPolicies/tls-1-2-modern-policy","timeouts":null,"tls_early_data":"STRICT","url_map":"https://www.googleapis.com/compute/v1/projects/jameshartig-blog/global/urlMaps/blog"},"sensitive_attributes":[],"private":"eyJlMmJmYjczMC1lY2FhLTExZTYtOGY4OC0zNDM2M2JjN2M0YzAiOnsiY3JlYXRlIjoxMjAwMDAwMDAwMDAwLCJkZWxldGUiOjEyMDAwMDAwMDAwMDAsInVwZGF0ZSI6MTIwMDAwMDAwMDAwMH19","dependencies":["google_artifact_registry_repository.blog","google_certificate_manager_certificate_map.blog","google_cloud_run_v2_service.blog","google_compute_backend_service.run","google_compute_network.default","google_compute_region_network_endpoint_group.blog","google_compute_ssl_policy.tls_1_2_modern","google_compute_url_map.blog","google_service_account.blog","module.enabled_google_apis.data.google_compute_default_service_account.default","module.enabled_google_apis.google_project_iam_member.project_service_identity_roles","module.enabled_google_apis.google_project_service.project_services","module.enabled_google_apis.google_project_service_identity.project_service_identities"]}]},{"mode":"managed","type":"google_compute_url_map","name":"blog","provider":"provider[\"registry.opentofu.org/hashicorp/google\"]","instances":[{"schema_version":0,"attributes":{"creation_timestamp":"2025-09-30T21:27:23.915-07:00","default_custom_error_response_policy":[],"default_route_action":[],"default_service":"https://www.googleapis.com/compute/v1/projects/jameshartig-blog/global/backendServices/blog","default_url_redirect":[],"description":"","fingerprint":"nD-spsDaKgQ=","header_action":[],"host_rule":[],"id":"projects/jameshartig-blog/global/urlMaps/blog","map_id":6482895545985733444,"name":"blog","path_matcher":[],"project":"jameshartig-blog","self_link":"https://www.googleapis.com/compute/v1/projects/jameshartig-blog/global/urlMaps/blog","test":[],"timeouts":null},"sensitive_attributes":[],"private":"eyJlMmJmYjczMC1lY2FhLTExZTYtOGY4OC0zNDM2M2JjN2M0YzAiOnsiY3JlYXRlIjoxMjAwMDAwMDAwMDAwLCJkZWxldGUiOjEyMDAwMDAwMDAwMDAsInVwZGF0ZSI6MTIwMDAwMDAwMDAwMH19","dependencies":["google_artifact_registry_repository.blog","google_cloud_run_v2_service.blog","google_compute_backend_service.run","google_compute_network.default","google_compute_region_network_endpoint_group.blog","google_service_account.blog","module.enabled_google_apis.data.google_compute_default_service_account.default","module.enabled_google_apis.google_project_iam_member.project_service_identity_roles","module.enabled_google_apis.google_project_service.project_services","module.enabled_google_apis.google_project_service_identity.project_service_identities"]}]},{"mode":"managed","type":"google_compute_url_map","name":"redirect","provider":"provider[\"registry.opentofu.org/hashicorp/google\"]","instances":[{"schema_version":0,"attributes":{"creation_timestamp":"2025-09-30T21:08:07.664-07:00","default_custom_error_response_policy":[],"default_route_action":[],"default_service":"","default_url_redirect":[{"host_redirect":"","https_redirect":true,"path_redirect":"","prefix_redirect":"","redirect_response_code":"MOVED_PERMANENTLY_DEFAULT","strip_query":false}],"description":"","fingerprint":"ZYqD2ljZSTA=","header_action":[],"host_rule":[],"id":"projects/jameshartig-blog/global/urlMaps/redirect","map_id":3380211205715072968,"name":"redirect","path_matcher":[],"project":"jameshartig-blog","self_link":"https://www.googleapis.com/compute/v1/projects/jameshartig-blog/global/urlMaps/redirect","test":[],"timeouts":null},"sensitive_attributes":[],"private":"eyJlMmJmYjczMC1lY2FhLTExZTYtOGY4OC0zNDM2M2JjN2M0YzAiOnsiY3JlYXRlIjoxMjAwMDAwMDAwMDAwLCJkZWxldGUiOjEyMDAwMDAwMDAwMDAsInVwZGF0ZSI6MTIwMDAwMDAwMDAwMH19"}]},{"mode":"managed","type":"google_project_iam_member","name":"blog_act_as","provider":"provider[\"registry.opentofu.org/hashicorp/google\"]","instances":[{"schema_version":0,"attributes":{"condition":[],"etag":"BwZAElxBh+w=","id":"jameshartig-blog/roles/iam.serviceAccountUser/serviceAccount:blog-builder@jameshartig-blog.iam.gserviceaccount.com","member":"serviceAccount:blog-builder@jameshartig-blog.iam.gserviceaccount.com","project":"jameshartig-blog","role":"roles/iam.serviceAccountUser"},"sensitive_attributes":[],"private":"bnVsbA==","dependencies":["google_service_account.blog","module.enabled_google_apis.data.google_compute_default_service_account.default","module.enabled_google_apis.google_project_iam_member.project_service_identity_roles","module.enabled_google_apis.google_project_service.project_services","module.enabled_google_apis.google_project_service_identity.project_service_identities"]}]},{"mode":"managed","type":"google_project_iam_member","name":"blog_logs_writer","provider":"provider[\"registry.opentofu.org/hashicorp/google\"]","instances":[{"schema_version":0,"attributes":{"condition":[],"etag":"BwZAElxBh+w=","id":"jameshartig-blog/roles/logging.logWriter/serviceAccount:blog-builder@jameshartig-blog.iam.gserviceaccount.com","member":"serviceAccount:blog-builder@jameshartig-blog.iam.gserviceaccount.com","project":"jameshartig-blog","role":"roles/logging.logWriter"},"sensitive_attributes":[],"private":"bnVsbA==","dependencies":["google_service_account.blog","module.enabled_google_apis.data.google_compute_default_service_account.default","module.enabled_google_apis.google_project_iam_member.project_service_identity_roles","module.enabled_google_apis.google_project_service.project_services","module.enabled_google_apis.google_project_service_identity.project_service_identities"]}]},{"mode":"managed","type":"google_service_account","name":"blog","provider":"provider[\"registry.opentofu.org/hashicorp/google\"]","instances":[{"schema_version":0,"attributes":{"account_id":"blog-builder","create_ignore_already_exists":null,"description":"","disabled":false,"display_name":"","email":"blog-builder@jameshartig-blog.iam.gserviceaccount.com","id":"projects/jameshartig-blog/serviceAccounts/blog-builder@jameshartig-blog.iam.gserviceaccount.com","member":"serviceAccount:blog-builder@jameshartig-blog.iam.gserviceaccount.com","name":"projects/jameshartig-blog/serviceAccounts/blog-builder@jameshartig-blog.iam.gserviceaccount.com","project":"jameshartig-blog","timeouts":null,"unique_id":"110656680442129016470"},"sensitive_attributes":[],"private":"eyJlMmJmYjczMC1lY2FhLTExZTYtOGY4OC0zNDM2M2JjN2M0YzAiOnsiY3JlYXRlIjozMDAwMDAwMDAwMDB9fQ==","dependencies":["module.enabled_google_apis.data.google_compute_default_service_account.default","module.enabled_google_apis.google_project_iam_member.project_service_identity_roles","module.enabled_google_apis.google_project_service.project_services","module.enabled_google_apis.google_project_service_identity.project_service_identities"]}]},{"module":"module.enabled_google_apis","mode":"managed","type":"google_project_service","name":"project_services","provider":"provider[\"registry.opentofu.org/hashicorp/google\"]","instances":[{"index_key":"artifactregistry.googleapis.com","schema_version":0,"attributes":{"disable_dependent_services":true,"disable_on_destroy":false,"id":"jameshartig-blog/artifactregistry.googleapis.com","project":"jameshartig-blog","service":"artifactregistry.googleapis.com","timeouts":null},"sensitive_attributes":[],"private":"eyJlMmJmYjczMC1lY2FhLTExZTYtOGY4OC0zNDM2M2JjN2M0YzAiOnsiY3JlYXRlIjoxMjAwMDAwMDAwMDAwLCJkZWxldGUiOjEyMDAwMDAwMDAwMDAsInJlYWQiOjYwMDAwMDAwMDAwMCwidXBkYXRlIjoxMjAwMDAwMDAwMDAwfX0="},{"index_key":"certificatemanager.googleapis.com","schema_version":0,"attributes":{"disable_dependent_services":true,"disable_on_destroy":false,"id":"jameshartig-blog/certificatemanager.googleapis.com","project":"jameshartig-blog","service":"certificatemanager.googleapis.com","timeouts":null},"sensitive_attributes":[],"private":"eyJlMmJmYjczMC1lY2FhLTExZTYtOGY4OC0zNDM2M2JjN2M0YzAiOnsiY3JlYXRlIjoxMjAwMDAwMDAwMDAwLCJkZWxldGUiOjEyMDAwMDAwMDAwMDAsInJlYWQiOjYwMDAwMDAwMDAwMCwidXBkYXRlIjoxMjAwMDAwMDAwMDAwfX0="},{"index_key":"cloudbuild.googleapis.com","schema_version":0,"attributes":{"disable_dependent_services":true,"disable_on_destroy":false,"id":"jameshartig-blog/cloudbuild.googleapis.com","project":"jameshartig-blog","service":"cloudbuild.googleapis.com","timeouts":null},"sensitive_attributes":[],"private":"eyJlMmJmYjczMC1lY2FhLTExZTYtOGY4OC0zNDM2M2JjN2M0YzAiOnsiY3JlYXRlIjoxMjAwMDAwMDAwMDAwLCJkZWxldGUiOjEyMDAwMDAwMDAwMDAsInJlYWQiOjYwMDAwMDAwMDAwMCwidXBkYXRlIjoxMjAwMDAwMDAwMDAwfX0="},{"index_key":"cloudtrace.googleapis.com","schema_version":0,"attributes":{"disable_dependent_services":true,"disable_on_destroy":false,"id":"jameshartig-blog/cloudtrace.googleapis.com","project":"jameshartig-blog","service":"cloudtrace.googleapis.com","timeouts":null},"sensitive_attributes":[],"private":"eyJlMmJmYjczMC1lY2FhLTExZTYtOGY4OC0zNDM2M2JjN2M0YzAiOnsiY3JlYXRlIjoxMjAwMDAwMDAwMDAwLCJkZWxldGUiOjEyMDAwMDAwMDAwMDAsInJlYWQiOjYwMDAwMDAwMDAwMCwidXBkYXRlIjoxMjAwMDAwMDAwMDAwfX0="},{"index_key":"compute.googleapis.com","schema_version":0,"attributes":{"disable_dependent_services":true,"disable_on_destroy":false,"id":"jameshartig-blog/compute.googleapis.com","project":"jameshartig-blog","service":"compute.googleapis.com","timeouts":null},"sensitive_attributes":[],"private":"eyJlMmJmYjczMC1lY2FhLTExZTYtOGY4OC0zNDM2M2JjN2M0YzAiOnsiY3JlYXRlIjoxMjAwMDAwMDAwMDAwLCJkZWxldGUiOjEyMDAwMDAwMDAwMDAsInJlYWQiOjYwMDAwMDAwMDAwMCwidXBkYXRlIjoxMjAwMDAwMDAwMDAwfX0="},{"index_key":"containeranalysis.googleapis.com","schema_version":0,"attributes":{"disable_dependent_services":true,"disable_on_destroy":false,"id":"jameshartig-blog/containeranalysis.googleapis.com","project":"jameshartig-blog","service":"containeranalysis.googleapis.com","timeouts":null},"sensitive_attributes":[],"private":"eyJlMmJmYjczMC1lY2FhLTExZTYtOGY4OC0zNDM2M2JjN2M0YzAiOnsiY3JlYXRlIjoxMjAwMDAwMDAwMDAwLCJkZWxldGUiOjEyMDAwMDAwMDAwMDAsInJlYWQiOjYwMDAwMDAwMDAwMCwidXBkYXRlIjoxMjAwMDAwMDAwMDAwfX0="},{"index_key":"containerregistry.googleapis.com","schema_version":0,"attributes":{"disable_dependent_services":true,"disable_on_destroy":false,"id":"jameshartig-blog/containerregistry.googleapis.com","project":"jameshartig-blog","service":"containerregistry.googleapis.com","timeouts":null},"sensitive_attributes":[],"private":"eyJlMmJmYjczMC1lY2FhLTExZTYtOGY4OC0zNDM2M2JjN2M0YzAiOnsiY3JlYXRlIjoxMjAwMDAwMDAwMDAwLCJkZWxldGUiOjEyMDAwMDAwMDAwMDAsInJlYWQiOjYwMDAwMDAwMDAwMCwidXBkYXRlIjoxMjAwMDAwMDAwMDAwfX0="},{"index_key":"developerconnect.googleapis.com","schema_version":0,"attributes":{"disable_dependent_services":true,"disable_on_destroy":false,"id":"jameshartig-blog/developerconnect.googleapis.com","project":"jameshartig-blog","service":"developerconnect.googleapis.com","timeouts":null},"sensitive_attributes":[],"private":"eyJlMmJmYjczMC1lY2FhLTExZTYtOGY4OC0zNDM2M2JjN2M0YzAiOnsiY3JlYXRlIjoxMjAwMDAwMDAwMDAwLCJkZWxldGUiOjEyMDAwMDAwMDAwMDAsInJlYWQiOjYwMDAwMDAwMDAwMCwidXBkYXRlIjoxMjAwMDAwMDAwMDAwfX0="},{"index_key":"iam.googleapis.com","schema_version":0,"attributes":{"disable_dependent_services":true,"disable_on_destroy":false,"id":"jameshartig-blog/iam.googleapis.com","project":"jameshartig-blog","service":"iam.googleapis.com","timeouts":null},"sensitive_attributes":[],"private":"eyJlMmJmYjczMC1lY2FhLTExZTYtOGY4OC0zNDM2M2JjN2M0YzAiOnsiY3JlYXRlIjoxMjAwMDAwMDAwMDAwLCJkZWxldGUiOjEyMDAwMDAwMDAwMDAsInJlYWQiOjYwMDAwMDAwMDAwMCwidXBkYXRlIjoxMjAwMDAwMDAwMDAwfX0="},{"index_key":"logging.googleapis.com","schema_version":0,"attributes":{"disable_dependent_services":true,"disable_on_destroy":false,"id":"jameshartig-blog/logging.googleapis.com","project":"jameshartig-blog","service":"logging.googleapis.com","timeouts":null},"sensitive_attributes":[],"private":"eyJlMmJmYjczMC1lY2FhLTExZTYtOGY4OC0zNDM2M2JjN2M0YzAiOnsiY3JlYXRlIjoxMjAwMDAwMDAwMDAwLCJkZWxldGUiOjEyMDAwMDAwMDAwMDAsInJlYWQiOjYwMDAwMDAwMDAwMCwidXBkYXRlIjoxMjAwMDAwMDAwMDAwfX0="},{"index_key":"monitoring.googleapis.com","schema_version":0,"attributes":{"disable_dependent_services":true,"disable_on_destroy":false,"id":"jameshartig-blog/monitoring.googleapis.com","project":"jameshartig-blog","service":"monitoring.googleapis.com","timeouts":null},"sensitive_attributes":[],"private":"eyJlMmJmYjczMC1lY2FhLTExZTYtOGY4OC0zNDM2M2JjN2M0YzAiOnsiY3JlYXRlIjoxMjAwMDAwMDAwMDAwLCJkZWxldGUiOjEyMDAwMDAwMDAwMDAsInJlYWQiOjYwMDAwMDAwMDAwMCwidXBkYXRlIjoxMjAwMDAwMDAwMDAwfX0="},{"index_key":"run.googleapis.com","schema_version":0,"attributes":{"disable_dependent_services":true,"disable_on_destroy":false,"id":"jameshartig-blog/run.googleapis.com","project":"jameshartig-blog","service":"run.googleapis.com","timeouts":null},"sensitive_attributes":[],"private":"eyJlMmJmYjczMC1lY2FhLTExZTYtOGY4OC0zNDM2M2JjN2M0YzAiOnsiY3JlYXRlIjoxMjAwMDAwMDAwMDAwLCJkZWxldGUiOjEyMDAwMDAwMDAwMDAsInJlYWQiOjYwMDAwMDAwMDAwMCwidXBkYXRlIjoxMjAwMDAwMDAwMDAwfX0="},{"index_key":"storage.googleapis.com","schema_version":0,"attributes":{"disable_dependent_services":true,"disable_on_destroy":false,"id":"jameshartig-blog/storage.googleapis.com","project":"jameshartig-blog","service":"storage.googleapis.com","timeouts":null},"sensitive_attributes":[],"private":"eyJlMmJmYjczMC1lY2FhLTExZTYtOGY4OC0zNDM2M2JjN2M0YzAiOnsiY3JlYXRlIjoxMjAwMDAwMDAwMDAwLCJkZWxldGUiOjEyMDAwMDAwMDAwMDAsInJlYWQiOjYwMDAwMDAwMDAwMCwidXBkYXRlIjoxMjAwMDAwMDAwMDAwfX0="}]}],"check_results":null}
